<?xml version="1.0" encoding="utf-8"?>
<Project ToolsVersion="4.0" xmlns="http://schemas.microsoft.com/developer/msbuild/2003">
  <ItemGroup>
    <Filter Include="Source Files">
      <UniqueIdentifier>{4FC737F1-C7A5-4376-A066-2A32D752A2FF}</UniqueIdentifier>
      <Extensions>cpp;c;cc;cxx;def;odl;idl;hpj;bat;asm;asmx</Extensions>
    </Filter>
    <Filter Include="Header Files">
      <UniqueIdentifier>{93995380-89BD-4b04-88EB-625FBE52EBFB}</UniqueIdentifier>
      <Extensions>h;hh;hpp;hxx;hm;inl;inc;xsd</Extensions>
    </Filter>
    <Filter Include="Resource Files">
      <UniqueIdentifier>{67DA6AB6-F800-4c08-8B7A-83BB121AAD01}</UniqueIdentifier>
      <Extensions>rc;ico;cur;bmp;dlg;rc2;rct;bin;rgs;gif;jpg;jpeg;jpe;resx;tiff;tif;png;wav</Extensions>
    </Filter>
  </ItemGroup>
  <ItemGroup>
    <ClCompile Include="aimbot.cpp">
      <Filter>Source Files</Filter>
    </ClCompile>
    <ClCompile Include="cFont.cpp">
      <Filter>Source Files</Filter>
    </ClCompile>
    <ClCompile Include="Client.cpp">
      <Filter>Source Files</Filter>
    </ClCompile>
    <ClCompile Include="CvarUtils.cpp">
      <Filter>Source Files</Filter>
    </ClCompile>
    <ClCompile Include="esp.cpp">
      <Filter>Source Files</Filter>
    </ClCompile>
    <ClCompile Include="main.cpp">
      <Filter>Source Files</Filter>
    </ClCompile>
    <ClCompile Include="Offset.cpp">
      <Filter>Source Files</Filter>
    </ClCompile>
    <ClCompile Include="UserMsgs.cpp">
      <Filter>Source Files</Filter>
    </ClCompile>
    <ClCompile Include="Utils.cpp">
      <Filter>Source Files</Filter>
    </ClCompile>
    <ClCompile Include="valvesdk\common\interface.cpp">
      <Filter>Source Files</Filter>
    </ClCompile>
    <ClCompile Include="valvesdk\misc\parsemsg.cpp">
      <Filter>Source Files</Filter>
    </ClCompile>
  </ItemGroup>
  <ItemGroup>
    <ClInclude Include="aimbot.h">
      <Filter>Header Files</Filter>
    </ClInclude>
    <ClInclude Include="cFont.h">
      <Filter>Header Files</Filter>
    </ClInclude>
    <ClInclude Include="Client.h">
      <Filter>Header Files</Filter>
    </ClInclude>
    <ClInclude Include="CvarUtils.h">
      <Filter>Header Files</Filter>
    </ClInclude>
    <ClInclude Include="esp.h">
      <Filter>Header Files</Filter>
    </ClInclude>
    <ClInclude Include="main.h">
      <Filter>Header Files</Filter>
    </ClInclude>
    <ClInclude Include="mathlib.h">
      <Filter>Header Files</Filter>
    </ClInclude>
    <ClInclude Include="Offset.h">
      <Filter>Header Files</Filter>
    </ClInclude>
    <ClInclude Include="PEB.h">
      <Filter>Header Files</Filter>
    </ClInclude>
    <ClInclude Include="UserMsgs.h">
      <Filter>Header Files</Filter>
    </ClInclude>
    <ClInclude Include="Utils.h">
      <Filter>Header Files</Filter>
    </ClInclude>
    <ClInclude Include="valvesdk\common\beamdef.h">
      <Filter>Header Files</Filter>
    </ClInclude>
    <ClInclude Include="valvesdk\common\cl_entity.h">
      <Filter>Header Files</Filter>
    </ClInclude>
    <ClInclude Include="valvesdk\common\com_model.h">
      <Filter>Header Files</Filter>
    </ClInclude>
    <ClInclude Include="valvesdk\common\const.h">
      <Filter>Header Files</Filter>
    </ClInclude>
    <ClInclude Include="valvesdk\common\con_nprint.h">
      <Filter>Header Files</Filter>
    </ClInclude>
    <ClInclude Include="valvesdk\common\crc.h">
      <Filter>Header Files</Filter>
    </ClInclude>
    <ClInclude Include="valvesdk\common\cvardef.h">
      <Filter>Header Files</Filter>
    </ClInclude>
    <ClInclude Include="valvesdk\common\demo_api.h">
      <Filter>Header Files</Filter>
    </ClInclude>
    <ClInclude Include="valvesdk\common\director_cmds.h">
      <Filter>Header Files</Filter>
    </ClInclude>
    <ClInclude Include="valvesdk\common\dlight.h">
      <Filter>Header Files</Filter>
    </ClInclude>
    <ClInclude Include="valvesdk\common\dll_state.h">
      <Filter>Header Files</Filter>
    </ClInclude>
    <ClInclude Include="valvesdk\common\engine_launcher_api.h">
      <Filter>Header Files</Filter>
    </ClInclude>
    <ClInclude Include="valvesdk\common\entity_state.h">
      <Filter>Header Files</Filter>
    </ClInclude>
    <ClInclude Include="valvesdk\common\entity_types.h">
      <Filter>Header Files</Filter>
    </ClInclude>
    <ClInclude Include="valvesdk\common\event_api.h">
      <Filter>Header Files</Filter>
    </ClInclude>
    <ClInclude Include="valvesdk\common\event_args.h">
      <Filter>Header Files</Filter>
    </ClInclude>
    <ClInclude Include="valvesdk\common\event_flags.h">
      <Filter>Header Files</Filter>
    </ClInclude>
    <ClInclude Include="valvesdk\common\exefuncs.h">
      <Filter>Header Files</Filter>
    </ClInclude>
    <ClInclude Include="valvesdk\common\hltv.h">
      <Filter>Header Files</Filter>
    </ClInclude>
    <ClInclude Include="valvesdk\common\interface.h">
      <Filter>Header Files</Filter>
    </ClInclude>
    <ClInclude Include="valvesdk\common\in_buttons.h">
      <Filter>Header Files</Filter>
    </ClInclude>
    <ClInclude Include="valvesdk\common\itrackeruser.h">
      <Filter>Header Files</Filter>
    </ClInclude>
    <ClInclude Include="valvesdk\common\ivoicetweak.h">
      <Filter>Header Files</Filter>
    </ClInclude>
    <ClInclude Include="valvesdk\common\mathlib.h">
      <Filter>Header Files</Filter>
    </ClInclude>
    <ClInclude Include="valvesdk\common\netadr.h">
      <Filter>Header Files</Filter>
    </ClInclude>
    <ClInclude Include="valvesdk\common\net_api.h">
      <Filter>Header Files</Filter>
    </ClInclude>
    <ClInclude Include="valvesdk\common\nowin.h">
      <Filter>Header Files</Filter>
    </ClInclude>
    <ClInclude Include="valvesdk\common\particledef.h">
      <Filter>Header Files</Filter>
    </ClInclude>
    <ClInclude Include="valvesdk\common\pmtrace.h">
      <Filter>Header Files</Filter>
    </ClInclude>
    <ClInclude Include="valvesdk\common\qfont.h">
      <Filter>Header Files</Filter>
    </ClInclude>
    <ClInclude Include="valvesdk\common\ref_params.h">
      <Filter>Header Files</Filter>
    </ClInclude>
    <ClInclude Include="valvesdk\common\r_efx.h">
      <Filter>Header Files</Filter>
    </ClInclude>
    <ClInclude Include="valvesdk\common\screenfade.h">
      <Filter>Header Files</Filter>
    </ClInclude>
    <ClInclude Include="valvesdk\common\studio_event.h">
      <Filter>Header Files</Filter>
    </ClInclude>
    <ClInclude Include="valvesdk\common\triangleapi.h">
      <Filter>Header Files</Filter>
    </ClInclude>
    <ClInclude Include="valvesdk\common\usercmd.h">
      <Filter>Header Files</Filter>
    </ClInclude>
    <ClInclude Include="valvesdk\common\weaponinfo.h">
      <Filter>Header Files</Filter>
    </ClInclude>
    <ClInclude Include="valvesdk\engine\anorms.h">
      <Filter>Header Files</Filter>
    </ClInclude>
    <ClInclude Include="valvesdk\engine\beamdef.h">
      <Filter>Header Files</Filter>
    </ClInclude>
    <ClInclude Include="valvesdk\engine\cdll_dll.h">
      <Filter>Header Files</Filter>
    </ClInclude>
    <ClInclude Include="valvesdk\engine\cdll_engine_dll.h">
      <Filter>Header Files</Filter>
    </ClInclude>
    <ClInclude Include="valvesdk\engine\Cdll_int.h">
      <Filter>Header Files</Filter>
    </ClInclude>
    <ClInclude Include="valvesdk\engine\cl_dll.h">
      <Filter>Header Files</Filter>
    </ClInclude>
    <ClInclude Include="valvesdk\engine\cl_entity.h">
      <Filter>Header Files</Filter>
    </ClInclude>
    <ClInclude Include="valvesdk\engine\const.h">
      <Filter>Header Files</Filter>
    </ClInclude>
    <ClInclude Include="valvesdk\engine\crc.h">
      <Filter>Header Files</Filter>
    </ClInclude>
    <ClInclude Include="valvesdk\engine\custom.h">
      <Filter>Header Files</Filter>
    </ClInclude>
    <ClInclude Include="valvesdk\engine\customentity.h">
      <Filter>Header Files</Filter>
    </ClInclude>
    <ClInclude Include="valvesdk\engine\cvardef.h">
      <Filter>Header Files</Filter>
    </ClInclude>
    <ClInclude Include="valvesdk\engine\dlight.h">
      <Filter>Header Files</Filter>
    </ClInclude>
    <ClInclude Include="valvesdk\engine\edict.h">
      <Filter>Header Files</Filter>
    </ClInclude>
    <ClInclude Include="valvesdk\engine\eiface.h">
      <Filter>Header Files</Filter>
    </ClInclude>
    <ClInclude Include="valvesdk\engine\entity_state.h">
      <Filter>Header Files</Filter>
    </ClInclude>
    <ClInclude Include="valvesdk\engine\entity_types.h">
      <Filter>Header Files</Filter>
    </ClInclude>
    <ClInclude Include="valvesdk\engine\event_args.h">
      <Filter>Header Files</Filter>
    </ClInclude>
    <ClInclude Include="valvesdk\engine\event_flags.h">
      <Filter>Header Files</Filter>
    </ClInclude>
    <ClInclude Include="valvesdk\engine\in_buttons.h">
      <Filter>Header Files</Filter>
    </ClInclude>
    <ClInclude Include="valvesdk\engine\keydefs.h">
      <Filter>Header Files</Filter>
    </ClInclude>
    <ClInclude Include="valvesdk\engine\particledef.h">
      <Filter>Header Files</Filter>
    </ClInclude>
    <ClInclude Include="valvesdk\engine\pmtrace.h">
      <Filter>Header Files</Filter>
    </ClInclude>
    <ClInclude Include="valvesdk\engine\pm_defs.h">
      <Filter>Header Files</Filter>
    </ClInclude>
    <ClInclude Include="valvesdk\engine\pm_info.h">
      <Filter>Header Files</Filter>
    </ClInclude>
    <ClInclude Include="valvesdk\engine\progdefs.h">
      <Filter>Header Files</Filter>
    </ClInclude>
    <ClInclude Include="valvesdk\engine\progs.h">
      <Filter>Header Files</Filter>
    </ClInclude>
    <ClInclude Include="valvesdk\engine\r_efx.h">
      <Filter>Header Files</Filter>
    </ClInclude>
    <ClInclude Include="valvesdk\engine\r_studioint.h">
      <Filter>Header Files</Filter>
    </ClInclude>
    <ClInclude Include="valvesdk\engine\shake.h">
      <Filter>Header Files</Filter>
    </ClInclude>
    <ClInclude Include="valvesdk\engine\studio.h">
      <Filter>Header Files</Filter>
    </ClInclude>
    <ClInclude Include="valvesdk\engine\studio_event.h">
      <Filter>Header Files</Filter>
    </ClInclude>
    <ClInclude Include="valvesdk\engine\triangleapi.h">
      <Filter>Header Files</Filter>
    </ClInclude>
    <ClInclude Include="valvesdk\engine\usercmd.h">
      <Filter>Header Files</Filter>
    </ClInclude>
    <ClInclude Include="valvesdk\engine\util_vector.h">
      <Filter>Header Files</Filter>
    </ClInclude>
    <ClInclude Include="valvesdk\engine\weaponinfo.h">
      <Filter>Header Files</Filter>
    </ClInclude>
    <ClInclude Include="valvesdk\engine\wrect.h">
      <Filter>Header Files</Filter>
    </ClInclude>
    <ClInclude Include="valvesdk\misc\com_model.h">
      <Filter>Header Files</Filter>
    </ClInclude>
    <ClInclude Include="valvesdk\misc\parsemsg.h">
      <Filter>Header Files</Filter>
    </ClInclude>
  </ItemGroup>
</Project>